{
  "version": 4,
  "terraform_version": "1.11.2",
  "serial": 30,
  "lineage": "8910cdda-696a-cd7f-2e5c-d7403d90de5a",
  "outputs": {
    "codedeploy_app_name": {
      "value": "istory-app",
      "type": "string"
    },
    "codedeploy_deployment_group_name": {
      "value": "istory-deploy-group",
      "type": "string"
    },
    "dev_istory_nginx_instance_public_ip": {
      "value": "43.203.232.17",
      "type": "string"
    },
    "istory-deploy-bucket_name": {
      "value": "istory-deploy-bucket-761018884888",
      "type": "string"
    },
    "rds_database_name": {
      "value": "istory",
      "type": "string"
    },
    "rds_endpoint": {
      "value": "istory-db.czsesi44seki.ap-northeast-2.rds.amazonaws.com:3306",
      "type": "string"
    },
    "rds_username": {
      "value": "user",
      "type": "string"
    },
    "ssh_private_key_pem": {
      "value": "-----BEGIN RSA PRIVATE KEY-----\nMIIEpQIBAAKCAQEAtaqIFrSJBCSKzw8jpFv1icf/pLxY2IPBE4WM9zm5EjfFhhZy\n4tnsKFsIIpvvRkDqp8x3xkQp1GuWcYYbIG1rDLSGcrNhkrUQfrI5KvEai4c7V0lk\nBPIZq1nAfWhPi0b+yoewulZmXrHMlbQ/490w5MldWYsZHy+mlwaz9qe5vl5d065B\nKW+Xe3O1G3VcHKHlr15zxL5q/WY8bvHpmWwLf7Xi1G99Zw9/7tsQ6Ik7qhR33rA7\nazrFfnvkvv+My4y/7Ecrv7W7E6Nah7Lh3+sEzZx/XXI5Pyj2q30wTBPrL3+kskeR\nwtAX+P7eVcWVAht8u8nH3f2ez2vgP7xQDICJHwIDAQABAoIBAQCEXeUa5iCPrDCX\n/mfx8i9OXTOgTLxPxnCAUOcNnDmFVK3Prbu4HyE7plifHw+RGOvhp9H93Ny9skbE\nIPrS/ebqMv9jw+BsjRGfvyx4ZYT59Wb/irIeCGk7uQHQXpjW2rv7xjK3Ew00Ikj3\nK4cB+MEPcslZ3UhIuOehU3j9V+i3E78OiynsHoL/+SY64T1RyivruckLqDKUK47W\n2GKoJuvbOCT2wlKqrp+tJc/gIgYPXhNqQktpcqQP8Pl1Df5xBytrRUBRec/jq/jU\nQvK1q3RitY6Shxkqq7KnWy/T9auxZ9xYirrk/xe8DEsxtNqHenxPuhq4EfvZlbnk\npJpcxjsBAoGBAPC5a8yznK+HQ2gP+REv3WtiXW8JeiKA0IYqTVL9QEVLxDsrbf8c\nfJgmqYe7htOfn43otMMfhZ/TlP2PepDcWQa93HJ62j72rRQg63K1M0Vk6J07Q6+L\nXJuJ2EruXHQrJ9ddAS7BHb8w70JqM3dlmD7x2va9V7eGfne6qplItIrvAoGBAMEx\ntSK4FXkufpTna1nKdalRThsiBTQ4URMbu0+giYGn72x68pp8JVAx1zqoj27ET+3n\noIQy18V0lBQOq4WcZcsCfuejVCpAwMTrq2QONPhq1i/jtMIiQJj1vPXs7xfEYKYs\niTsqNyV4ZVjElcgGrVZaFruWAgyfFNjJ3rmhhqTRAoGBAKgcVbQ3Gw1aITDjNsVR\n8Ae2QhnxPGIsI3QOxsFWKzQ5nWjVA5RNiJWZKnun8piHuR2ZjeNWeDMNx9bsBGR1\n/ZY/sVwhf5jJHEYaV1NcR9oGhoyHftVxNdNJiMuLevWFzeURBmpoYyXKPsza7eZM\nBO6waII36LI6MsfajJlPtQXxAoGBAK+y1zs2E0FcSX5+YKEOgad07AW9EOKG/STV\nqaonJCcoZZRQ1GYu1Xhze3w7ZAamvtJsPw07eAR5m1oKZW9j5yeTo3pijd7HeQke\nE4cxbHcoIpb3DaMop3r0sd8uldsVm5hFFKEcKX8IWZM7ZcS+XdIUqGv9Zuu3mav3\nG3nTLrKhAoGAYCnyFWecGkAxPLEoKEQNR1leuBRqCBl0C4ipaxWU2eps5YgIvZRh\nomJClEvPNwkx+MaeDOBTcMDXpSW3hM+YYpz34U3RfuBQ+EasPqtSyHO4D0JjW6ni\nJLkzlm4h/1hhvap4qTTQPVHz8TuJCFr2CAcc/5vFKoSu0dN8iIfF/Zo=\n-----END RSA PRIVATE KEY-----\n",
      "type": "string",
      "sensitive": true
    }
  },
  "resources": [
    {
      "mode": "data",
      "type": "aws_caller_identity",
      "name": "current",
      "provider": "provider[\"registry.terraform.io/hashicorp/aws\"]",
      "instances": [
        {
          "schema_version": 0,
          "attributes": {
            "account_id": "761018884888",
            "arn": "arn:aws:iam::761018884888:user/cicd",
            "id": "761018884888",
            "user_id": "AIDA3CMCCUMMDYMNUKPKN"
          },
          "sensitive_attributes": []
        }
      ]
    },
    {
      "mode": "managed",
      "type": "aws_codedeploy_app",
      "name": "istory-app",
      "provider": "provider[\"registry.terraform.io/hashicorp/aws\"]",
      "instances": [
        {
          "schema_version": 0,
          "attributes": {
            "application_id": "8531e48e-7d91-42a2-b046-7262378dd0dd",
            "arn": "arn:aws:codedeploy:ap-northeast-2:761018884888:application:istory-app",
            "compute_platform": "Server",
            "github_account_name": "",
            "id": "8531e48e-7d91-42a2-b046-7262378dd0dd:istory-app",
            "linked_to_github": false,
            "name": "istory-app",
            "tags": null,
            "tags_all": {}
          },
          "sensitive_attributes": [],
          "private": "bnVsbA=="
        }
      ]
    },
    {
      "mode": "managed",
      "type": "aws_codedeploy_deployment_group",
      "name": "istory-deploy_group",
      "provider": "provider[\"registry.terraform.io/hashicorp/aws\"]",
      "instances": [
        {
          "schema_version": 0,
          "attributes": {
            "alarm_configuration": [],
            "app_name": "istory-app",
            "arn": "arn:aws:codedeploy:ap-northeast-2:761018884888:deploymentgroup:istory-app/istory-deploy-group",
            "auto_rollback_configuration": [
              {
                "enabled": true,
                "events": [
                  "DEPLOYMENT_FAILURE"
                ]
              }
            ],
            "autoscaling_groups": null,
            "blue_green_deployment_config": [],
            "compute_platform": "Server",
            "deployment_config_name": "CodeDeployDefault.OneAtATime",
            "deployment_group_id": "93cc7bae-df24-4eb5-8633-387764e008b9",
            "deployment_group_name": "istory-deploy-group",
            "deployment_style": [
              {
                "deployment_option": "WITHOUT_TRAFFIC_CONTROL",
                "deployment_type": "IN_PLACE"
              }
            ],
            "ec2_tag_filter": [],
            "ec2_tag_set": [
              {
                "ec2_tag_filter": [
                  {
                    "key": "Environment",
                    "type": "KEY_AND_VALUE",
                    "value": "Development"
                  }
                ]
              }
            ],
            "ecs_service": [],
            "id": "93cc7bae-df24-4eb5-8633-387764e008b9",
            "load_balancer_info": [],
            "on_premises_instance_tag_filter": [],
            "outdated_instances_strategy": "UPDATE",
            "service_role_arn": "arn:aws:iam::761018884888:role/CodeDeployServiceRole",
            "tags": null,
            "tags_all": {},
            "termination_hook_enabled": false,
            "trigger_configuration": []
          },
          "sensitive_attributes": [],
          "private": "bnVsbA==",
          "dependencies": [
            "aws_codedeploy_app.istory-app",
            "aws_iam_role.codedeploy_service_role"
          ]
        }
      ]
    },
    {
      "mode": "managed",
      "type": "aws_db_instance",
      "name": "istory_db",
      "provider": "provider[\"registry.terraform.io/hashicorp/aws\"]",
      "instances": [
        {
          "schema_version": 2,
          "attributes": {
            "address": "istory-db.czsesi44seki.ap-northeast-2.rds.amazonaws.com",
            "allocated_storage": 20,
            "allow_major_version_upgrade": null,
            "apply_immediately": false,
            "arn": "arn:aws:rds:ap-northeast-2:761018884888:db:istory-db",
            "auto_minor_version_upgrade": true,
            "availability_zone": "ap-northeast-2b",
            "backup_retention_period": 7,
            "backup_target": "region",
            "backup_window": "03:00-04:00",
            "blue_green_update": [],
            "ca_cert_identifier": "rds-ca-rsa2048-g1",
            "character_set_name": "",
            "copy_tags_to_snapshot": false,
            "custom_iam_instance_profile": "",
            "customer_owned_ip_enabled": false,
            "database_insights_mode": "standard",
            "db_name": "istory",
            "db_subnet_group_name": "istory-db-subnet-group",
            "dedicated_log_volume": false,
            "delete_automated_backups": true,
            "deletion_protection": false,
            "domain": "",
            "domain_auth_secret_arn": "",
            "domain_dns_ips": null,
            "domain_fqdn": "",
            "domain_iam_role_name": "",
            "domain_ou": "",
            "enabled_cloudwatch_logs_exports": null,
            "endpoint": "istory-db.czsesi44seki.ap-northeast-2.rds.amazonaws.com:3306",
            "engine": "mysql",
            "engine_lifecycle_support": "open-source-rds-extended-support",
            "engine_version": "8.0",
            "engine_version_actual": "8.0.40",
            "final_snapshot_identifier": null,
            "hosted_zone_id": "ZLA2NUCOLGUUR",
            "iam_database_authentication_enabled": false,
            "id": "db-FMQFKQHUBNSYEFJMJR3VI4YMSA",
            "identifier": "istory-db",
            "identifier_prefix": "",
            "instance_class": "db.t3.micro",
            "iops": 0,
            "kms_key_id": "",
            "latest_restorable_time": "2025-03-22T05:50:25Z",
            "license_model": "general-public-license",
            "listener_endpoint": [],
            "maintenance_window": "mon:04:00-mon:05:00",
            "manage_master_user_password": null,
            "master_user_secret": [],
            "master_user_secret_kms_key_id": null,
            "max_allocated_storage": 0,
            "monitoring_interval": 0,
            "monitoring_role_arn": "",
            "multi_az": false,
            "nchar_character_set_name": "",
            "network_type": "IPV4",
            "option_group_name": "default:mysql-8-0",
            "parameter_group_name": "istory-db-parameter-group",
            "password": "user12345",
            "password_wo": null,
            "password_wo_version": null,
            "performance_insights_enabled": false,
            "performance_insights_kms_key_id": "",
            "performance_insights_retention_period": 0,
            "port": 3306,
            "publicly_accessible": false,
            "replica_mode": "",
            "replicas": [],
            "replicate_source_db": "",
            "resource_id": "db-FMQFKQHUBNSYEFJMJR3VI4YMSA",
            "restore_to_point_in_time": [],
            "s3_import": [],
            "skip_final_snapshot": true,
            "snapshot_identifier": null,
            "status": "available",
            "storage_encrypted": false,
            "storage_throughput": 0,
            "storage_type": "gp2",
            "tags": {
              "Environment": "Development",
              "Name": "istory"
            },
            "tags_all": {
              "Environment": "Development",
              "Name": "istory"
            },
            "timeouts": null,
            "timezone": "",
            "upgrade_storage_config": null,
            "username": "user",
            "vpc_security_group_ids": [
              "sg-0795eb5afacb78944"
            ]
          },
          "sensitive_attributes": [
            [
              {
                "type": "get_attr",
                "value": "password_wo"
              }
            ],
            [
              {
                "type": "get_attr",
                "value": "password"
              }
            ]
          ],
          "private": "eyJlMmJmYjczMC1lY2FhLTExZTYtOGY4OC0zNDM2M2JjN2M0YzAiOnsiY3JlYXRlIjozMDAwMDAwMDAwMDAwLCJkZWxldGUiOjM2MDAwMDAwMDAwMDAsInVwZGF0ZSI6NDgwMDAwMDAwMDAwMH0sInNjaGVtYV92ZXJzaW9uIjoiMiJ9",
          "dependencies": [
            "aws_db_parameter_group.istory_db_parameter_group",
            "aws_db_subnet_group.istory_db_subnet_group",
            "aws_security_group.istory_nginx_sg",
            "aws_security_group.istory_rds_sg",
            "aws_subnet.dangtong-vpc-public-subnet",
            "aws_vpc.dangtong-vpc"
          ]
        }
      ]
    },
    {
      "mode": "managed",
      "type": "aws_db_parameter_group",
      "name": "istory_db_parameter_group",
      "provider": "provider[\"registry.terraform.io/hashicorp/aws\"]",
      "instances": [
        {
          "schema_version": 0,
          "attributes": {
            "arn": "arn:aws:rds:ap-northeast-2:761018884888:pg:istory-db-parameter-group",
            "description": "Managed by Terraform",
            "family": "mysql8.0",
            "id": "istory-db-parameter-group",
            "name": "istory-db-parameter-group",
            "name_prefix": "",
            "parameter": [
              {
                "apply_method": "immediate",
                "name": "character_set_client",
                "value": "utf8mb4"
              },
              {
                "apply_method": "immediate",
                "name": "character_set_server",
                "value": "utf8mb4"
              }
            ],
            "skip_destroy": false,
            "tags": null,
            "tags_all": {}
          },
          "sensitive_attributes": [],
          "private": "bnVsbA=="
        }
      ]
    },
    {
      "mode": "managed",
      "type": "aws_db_subnet_group",
      "name": "istory_db_subnet_group",
      "provider": "provider[\"registry.terraform.io/hashicorp/aws\"]",
      "instances": [
        {
          "schema_version": 0,
          "attributes": {
            "arn": "arn:aws:rds:ap-northeast-2:761018884888:subgrp:istory-db-subnet-group",
            "description": "Managed by Terraform",
            "id": "istory-db-subnet-group",
            "name": "istory-db-subnet-group",
            "name_prefix": "",
            "subnet_ids": [
              "subnet-039ed1bb13f990909",
              "subnet-0487a0a294ad081a9",
              "subnet-087fc01e66915acc5",
              "subnet-09d492092186055fb"
            ],
            "supported_network_types": [
              "IPV4"
            ],
            "tags": {
              "Name": "istory DB subnet group"
            },
            "tags_all": {
              "Name": "istory DB subnet group"
            },
            "vpc_id": "vpc-0503f82480e07f230"
          },
          "sensitive_attributes": [],
          "private": "bnVsbA==",
          "dependencies": [
            "aws_subnet.dangtong-vpc-public-subnet",
            "aws_vpc.dangtong-vpc"
          ]
        }
      ]
    },
    {
      "mode": "managed",
      "type": "aws_iam_instance_profile",
      "name": "ec2_profile",
      "provider": "provider[\"registry.terraform.io/hashicorp/aws\"]",
      "instances": [
        {
          "schema_version": 0,
          "attributes": {
            "arn": "arn:aws:iam::761018884888:instance-profile/EC2CodeDeployProfile",
            "create_date": "2025-03-22T05:45:07Z",
            "id": "EC2CodeDeployProfile",
            "name": "EC2CodeDeployProfile",
            "name_prefix": "",
            "path": "/",
            "role": "EC2CodeDeployRole",
            "tags": null,
            "tags_all": {},
            "unique_id": "AIPA3CMCCUMMPP5XWPMST"
          },
          "sensitive_attributes": [],
          "private": "bnVsbA==",
          "dependencies": [
            "aws_iam_role.ec2_codedeploy_role"
          ]
        }
      ]
    },
    {
      "mode": "managed",
      "type": "aws_iam_role",
      "name": "codedeploy_service_role",
      "provider": "provider[\"registry.terraform.io/hashicorp/aws\"]",
      "instances": [
        {
          "schema_version": 0,
          "attributes": {
            "arn": "arn:aws:iam::761018884888:role/CodeDeployServiceRole",
            "assume_role_policy": "{\"Statement\":[{\"Action\":\"sts:AssumeRole\",\"Effect\":\"Allow\",\"Principal\":{\"Service\":\"codedeploy.amazonaws.com\"}}],\"Version\":\"2012-10-17\"}",
            "create_date": "2025-03-22T05:45:06Z",
            "description": "",
            "force_detach_policies": false,
            "id": "CodeDeployServiceRole",
            "inline_policy": [],
            "managed_policy_arns": [],
            "max_session_duration": 3600,
            "name": "CodeDeployServiceRole",
            "name_prefix": "",
            "path": "/",
            "permissions_boundary": "",
            "tags": {
              "Name": "codedeploy-service-role"
            },
            "tags_all": {
              "Name": "codedeploy-service-role"
            },
            "unique_id": "AROA3CMCCUMMPJOUJ5675"
          },
          "sensitive_attributes": [],
          "private": "bnVsbA=="
        }
      ]
    },
    {
      "mode": "managed",
      "type": "aws_iam_role",
      "name": "ec2_codedeploy_role",
      "provider": "provider[\"registry.terraform.io/hashicorp/aws\"]",
      "instances": [
        {
          "schema_version": 0,
          "attributes": {
            "arn": "arn:aws:iam::761018884888:role/EC2CodeDeployRole",
            "assume_role_policy": "{\"Statement\":[{\"Action\":\"sts:AssumeRole\",\"Effect\":\"Allow\",\"Principal\":{\"Service\":\"ec2.amazonaws.com\"}}],\"Version\":\"2012-10-17\"}",
            "create_date": "2025-03-22T05:45:06Z",
            "description": "",
            "force_detach_policies": false,
            "id": "EC2CodeDeployRole",
            "inline_policy": [],
            "managed_policy_arns": [],
            "max_session_duration": 3600,
            "name": "EC2CodeDeployRole",
            "name_prefix": "",
            "path": "/",
            "permissions_boundary": "",
            "tags": {
              "Name": "ec2-codedeploy-role"
            },
            "tags_all": {
              "Name": "ec2-codedeploy-role"
            },
            "unique_id": "AROA3CMCCUMMJDAS74IYE"
          },
          "sensitive_attributes": [],
          "private": "bnVsbA=="
        }
      ]
    },
    {
      "mode": "managed",
      "type": "aws_iam_role_policy_attachment",
      "name": "codedeploy_service",
      "provider": "provider[\"registry.terraform.io/hashicorp/aws\"]",
      "instances": [
        {
          "schema_version": 0,
          "attributes": {
            "id": "CodeDeployServiceRole-20250322054509863700000002",
            "policy_arn": "arn:aws:iam::aws:policy/service-role/AWSCodeDeployRole",
            "role": "CodeDeployServiceRole"
          },
          "sensitive_attributes": [],
          "private": "bnVsbA==",
          "dependencies": [
            "aws_iam_role.codedeploy_service_role"
          ]
        }
      ]
    },
    {
      "mode": "managed",
      "type": "aws_iam_role_policy_attachment",
      "name": "ec2_codedeploy",
      "provider": "provider[\"registry.terraform.io/hashicorp/aws\"]",
      "instances": [
        {
          "schema_version": 0,
          "attributes": {
            "id": "EC2CodeDeployRole-20250322054509915600000003",
            "policy_arn": "arn:aws:iam::aws:policy/service-role/AWSCodeDeployRole",
            "role": "EC2CodeDeployRole"
          },
          "sensitive_attributes": [],
          "private": "bnVsbA==",
          "dependencies": [
            "aws_iam_role.ec2_codedeploy_role"
          ]
        }
      ]
    },
    {
      "mode": "managed",
      "type": "aws_iam_role_policy_attachment",
      "name": "ec2_codedeploy_s3",
      "provider": "provider[\"registry.terraform.io/hashicorp/aws\"]",
      "instances": [
        {
          "schema_version": 0,
          "attributes": {
            "id": "EC2CodeDeployRole-20250322054509632600000001",
            "policy_arn": "arn:aws:iam::aws:policy/AmazonS3ReadOnlyAccess",
            "role": "EC2CodeDeployRole"
          },
          "sensitive_attributes": [],
          "private": "bnVsbA==",
          "dependencies": [
            "aws_iam_role.ec2_codedeploy_role"
          ]
        }
      ]
    },
    {
      "mode": "managed",
      "type": "aws_instance",
      "name": "dev_istory_nginx_instance",
      "provider": "provider[\"registry.terraform.io/hashicorp/aws\"]",
      "instances": [
        {
          "schema_version": 1,
          "attributes": {
            "ami": "ami-08b09b6acd8d62254",
            "arn": "arn:aws:ec2:ap-northeast-2:761018884888:instance/i-05d3499f1cb2d3ecc",
            "associate_public_ip_address": true,
            "availability_zone": "ap-northeast-2a",
            "capacity_reservation_specification": [
              {
                "capacity_reservation_preference": "open",
                "capacity_reservation_target": []
              }
            ],
            "cpu_core_count": 1,
            "cpu_options": [
              {
                "amd_sev_snp": "",
                "core_count": 1,
                "threads_per_core": 1
              }
            ],
            "cpu_threads_per_core": 1,
            "credit_specification": [
              {
                "cpu_credits": "standard"
              }
            ],
            "disable_api_stop": false,
            "disable_api_termination": false,
            "ebs_block_device": [],
            "ebs_optimized": false,
            "enable_primary_ipv6": null,
            "enclave_options": [
              {
                "enabled": false
              }
            ],
            "ephemeral_block_device": [],
            "get_password_data": false,
            "hibernation": false,
            "host_id": "",
            "host_resource_group_arn": null,
            "iam_instance_profile": "EC2CodeDeployProfile",
            "id": "i-05d3499f1cb2d3ecc",
            "instance_initiated_shutdown_behavior": "stop",
            "instance_lifecycle": "",
            "instance_market_options": [],
            "instance_state": "running",
            "instance_type": "t2.micro",
            "ipv6_address_count": 0,
            "ipv6_addresses": [],
            "key_name": "ec2-key_pair",
            "launch_template": [],
            "maintenance_options": [
              {
                "auto_recovery": "default"
              }
            ],
            "metadata_options": [
              {
                "http_endpoint": "enabled",
                "http_protocol_ipv6": "disabled",
                "http_put_response_hop_limit": 1,
                "http_tokens": "optional",
                "instance_metadata_tags": "disabled"
              }
            ],
            "monitoring": false,
            "network_interface": [],
            "outpost_arn": "",
            "password_data": "",
            "placement_group": "",
            "placement_partition_number": 0,
            "primary_network_interface_id": "eni-0618303f9d6f5b220",
            "private_dns": "ip-10-0-1-238.ap-northeast-2.compute.internal",
            "private_dns_name_options": [
              {
                "enable_resource_name_dns_a_record": false,
                "enable_resource_name_dns_aaaa_record": false,
                "hostname_type": "ip-name"
              }
            ],
            "private_ip": "10.0.1.238",
            "public_dns": "ec2-43-203-232-17.ap-northeast-2.compute.amazonaws.com",
            "public_ip": "43.203.232.17",
            "root_block_device": [
              {
                "delete_on_termination": true,
                "device_name": "/dev/xvda",
                "encrypted": false,
                "iops": 100,
                "kms_key_id": "",
                "tags": {},
                "tags_all": {},
                "throughput": 0,
                "volume_id": "vol-0309bc3a94325bbc5",
                "volume_size": 8,
                "volume_type": "gp2"
              }
            ],
            "secondary_private_ips": [],
            "security_groups": [],
            "source_dest_check": true,
            "spot_instance_request_id": "",
            "subnet_id": "subnet-09d492092186055fb",
            "tags": {
              "Environment": "Development",
              "Name": "istory nginx-server"
            },
            "tags_all": {
              "Environment": "Development",
              "Name": "istory nginx-server"
            },
            "tenancy": "default",
            "timeouts": null,
            "user_data": "89573fc17c6928260a1ff3340398cee177fd96f0",
            "user_data_base64": null,
            "user_data_replace_on_change": false,
            "volume_tags": null,
            "vpc_security_group_ids": [
              "sg-098137952c9e1dc72"
            ]
          },
          "sensitive_attributes": [],
          "private": "eyJlMmJmYjczMC1lY2FhLTExZTYtOGY4OC0zNDM2M2JjN2M0YzAiOnsiY3JlYXRlIjo2MDAwMDAwMDAwMDAsImRlbGV0ZSI6MTIwMDAwMDAwMDAwMCwicmVhZCI6OTAwMDAwMDAwMDAwLCJ1cGRhdGUiOjYwMDAwMDAwMDAwMH0sInNjaGVtYV92ZXJzaW9uIjoiMSJ9",
          "dependencies": [
            "aws_iam_instance_profile.ec2_profile",
            "aws_iam_role.ec2_codedeploy_role",
            "aws_key_pair.ec2_key_pair",
            "aws_security_group.istory_nginx_sg",
            "aws_subnet.dangtong-vpc-public-subnet",
            "aws_vpc.dangtong-vpc",
            "tls_private_key.ec2_private_key"
          ]
        }
      ]
    },
    {
      "mode": "managed",
      "type": "aws_internet_gateway",
      "name": "dangtong-igw",
      "provider": "provider[\"registry.terraform.io/hashicorp/aws\"]",
      "instances": [
        {
          "schema_version": 0,
          "attributes": {
            "arn": "arn:aws:ec2:ap-northeast-2:761018884888:internet-gateway/igw-00a498eebfcdeb167",
            "id": "igw-00a498eebfcdeb167",
            "owner_id": "761018884888",
            "tags": {
              "Name": "dangtong-igw"
            },
            "tags_all": {
              "Name": "dangtong-igw"
            },
            "timeouts": null,
            "vpc_id": "vpc-0503f82480e07f230"
          },
          "sensitive_attributes": [],
          "private": "eyJlMmJmYjczMC1lY2FhLTExZTYtOGY4OC0zNDM2M2JjN2M0YzAiOnsiY3JlYXRlIjoxMjAwMDAwMDAwMDAwLCJkZWxldGUiOjEyMDAwMDAwMDAwMDAsInVwZGF0ZSI6MTIwMDAwMDAwMDAwMH19",
          "dependencies": [
            "aws_vpc.dangtong-vpc"
          ]
        }
      ]
    },
    {
      "mode": "managed",
      "type": "aws_key_pair",
      "name": "ec2_key_pair",
      "provider": "provider[\"registry.terraform.io/hashicorp/aws\"]",
      "instances": [
        {
          "schema_version": 1,
          "attributes": {
            "arn": "arn:aws:ec2:ap-northeast-2:761018884888:key-pair/ec2-key_pair",
            "fingerprint": "89:f1:f3:c0:f0:47:c7:8a:e9:a1:89:64:88:d5:2d:4f",
            "id": "ec2-key_pair",
            "key_name": "ec2-key_pair",
            "key_name_prefix": "",
            "key_pair_id": "key-0b80b19268423fd78",
            "key_type": "rsa",
            "public_key": "ssh-rsa AAAAB3NzaC1yc2EAAAADAQABAAABAQC1qogWtIkEJIrPDyOkW/WJx/+kvFjYg8EThYz3ObkSN8WGFnLi2ewoWwgim+9GQOqnzHfGRCnUa5ZxhhsgbWsMtIZys2GStRB+sjkq8RqLhztXSWQE8hmrWcB9aE+LRv7Kh7C6VmZescyVtD/j3TDkyV1ZixkfL6aXBrP2p7m+Xl3TrkEpb5d7c7UbdVwcoeWvXnPEvmr9Zjxu8emZbAt/teLUb31nD3/u2xDoiTuqFHfesDtrOsV+e+S+/4zLjL/sRyu/tbsTo1qHsuHf6wTNnH9dcjk/KParfTBME+svf6SyR5HC0Bf4/t5VxZUCG3y7ycfd/Z7Pa+A/vFAMgIkf",
            "tags": null,
            "tags_all": {}
          },
          "sensitive_attributes": [],
          "private": "eyJzY2hlbWFfdmVyc2lvbiI6IjEifQ==",
          "dependencies": [
            "tls_private_key.ec2_private_key"
          ]
        }
      ]
    },
    {
      "mode": "managed",
      "type": "aws_route_table",
      "name": "dangtong-vpc-public-rt",
      "provider": "provider[\"registry.terraform.io/hashicorp/aws\"]",
      "instances": [
        {
          "schema_version": 0,
          "attributes": {
            "arn": "arn:aws:ec2:ap-northeast-2:761018884888:route-table/rtb-072398938db6ece4b",
            "id": "rtb-072398938db6ece4b",
            "owner_id": "761018884888",
            "propagating_vgws": [],
            "route": [
              {
                "carrier_gateway_id": "",
                "cidr_block": "0.0.0.0/0",
                "core_network_arn": "",
                "destination_prefix_list_id": "",
                "egress_only_gateway_id": "",
                "gateway_id": "igw-00a498eebfcdeb167",
                "ipv6_cidr_block": "",
                "local_gateway_id": "",
                "nat_gateway_id": "",
                "network_interface_id": "",
                "transit_gateway_id": "",
                "vpc_endpoint_id": "",
                "vpc_peering_connection_id": ""
              }
            ],
            "tags": {
              "Name": "dangtong-vpc-public-rt"
            },
            "tags_all": {
              "Name": "dangtong-vpc-public-rt"
            },
            "timeouts": null,
            "vpc_id": "vpc-0503f82480e07f230"
          },
          "sensitive_attributes": [],
          "private": "eyJlMmJmYjczMC1lY2FhLTExZTYtOGY4OC0zNDM2M2JjN2M0YzAiOnsiY3JlYXRlIjozMDAwMDAwMDAwMDAsImRlbGV0ZSI6MzAwMDAwMDAwMDAwLCJ1cGRhdGUiOjEyMDAwMDAwMDAwMH19",
          "dependencies": [
            "aws_internet_gateway.dangtong-igw",
            "aws_vpc.dangtong-vpc"
          ]
        }
      ]
    },
    {
      "mode": "managed",
      "type": "aws_route_table_association",
      "name": "dangtong-vpc-public-rt",
      "provider": "provider[\"registry.terraform.io/hashicorp/aws\"]",
      "instances": [
        {
          "index_key": "a",
          "schema_version": 0,
          "attributes": {
            "gateway_id": "",
            "id": "rtbassoc-0de4d8c3c85a4b227",
            "route_table_id": "rtb-072398938db6ece4b",
            "subnet_id": "subnet-09d492092186055fb",
            "timeouts": null
          },
          "sensitive_attributes": [],
          "private": "eyJlMmJmYjczMC1lY2FhLTExZTYtOGY4OC0zNDM2M2JjN2M0YzAiOnsiY3JlYXRlIjozMDAwMDAwMDAwMDAsImRlbGV0ZSI6MzAwMDAwMDAwMDAwLCJ1cGRhdGUiOjEyMDAwMDAwMDAwMH19",
          "dependencies": [
            "aws_internet_gateway.dangtong-igw",
            "aws_route_table.dangtong-vpc-public-rt",
            "aws_subnet.dangtong-vpc-public-subnet",
            "aws_vpc.dangtong-vpc"
          ]
        },
        {
          "index_key": "b",
          "schema_version": 0,
          "attributes": {
            "gateway_id": "",
            "id": "rtbassoc-053a1d74d8e8a615d",
            "route_table_id": "rtb-072398938db6ece4b",
            "subnet_id": "subnet-087fc01e66915acc5",
            "timeouts": null
          },
          "sensitive_attributes": [],
          "private": "eyJlMmJmYjczMC1lY2FhLTExZTYtOGY4OC0zNDM2M2JjN2M0YzAiOnsiY3JlYXRlIjozMDAwMDAwMDAwMDAsImRlbGV0ZSI6MzAwMDAwMDAwMDAwLCJ1cGRhdGUiOjEyMDAwMDAwMDAwMH19",
          "dependencies": [
            "aws_internet_gateway.dangtong-igw",
            "aws_route_table.dangtong-vpc-public-rt",
            "aws_subnet.dangtong-vpc-public-subnet",
            "aws_vpc.dangtong-vpc"
          ]
        },
        {
          "index_key": "c",
          "schema_version": 0,
          "attributes": {
            "gateway_id": "",
            "id": "rtbassoc-074f6d83e240c11cd",
            "route_table_id": "rtb-072398938db6ece4b",
            "subnet_id": "subnet-0487a0a294ad081a9",
            "timeouts": null
          },
          "sensitive_attributes": [],
          "private": "eyJlMmJmYjczMC1lY2FhLTExZTYtOGY4OC0zNDM2M2JjN2M0YzAiOnsiY3JlYXRlIjozMDAwMDAwMDAwMDAsImRlbGV0ZSI6MzAwMDAwMDAwMDAwLCJ1cGRhdGUiOjEyMDAwMDAwMDAwMH19",
          "dependencies": [
            "aws_internet_gateway.dangtong-igw",
            "aws_route_table.dangtong-vpc-public-rt",
            "aws_subnet.dangtong-vpc-public-subnet",
            "aws_vpc.dangtong-vpc"
          ]
        },
        {
          "index_key": "d",
          "schema_version": 0,
          "attributes": {
            "gateway_id": "",
            "id": "rtbassoc-0664446623cb655c1",
            "route_table_id": "rtb-072398938db6ece4b",
            "subnet_id": "subnet-039ed1bb13f990909",
            "timeouts": null
          },
          "sensitive_attributes": [],
          "private": "eyJlMmJmYjczMC1lY2FhLTExZTYtOGY4OC0zNDM2M2JjN2M0YzAiOnsiY3JlYXRlIjozMDAwMDAwMDAwMDAsImRlbGV0ZSI6MzAwMDAwMDAwMDAwLCJ1cGRhdGUiOjEyMDAwMDAwMDAwMH19",
          "dependencies": [
            "aws_internet_gateway.dangtong-igw",
            "aws_route_table.dangtong-vpc-public-rt",
            "aws_subnet.dangtong-vpc-public-subnet",
            "aws_vpc.dangtong-vpc"
          ]
        }
      ]
    },
    {
      "mode": "managed",
      "type": "aws_s3_bucket",
      "name": "istory-deploy-bucket",
      "provider": "provider[\"registry.terraform.io/hashicorp/aws\"]",
      "instances": [
        {
          "schema_version": 0,
          "attributes": {
            "acceleration_status": "",
            "acl": null,
            "arn": "arn:aws:s3:::istory-deploy-bucket-761018884888",
            "bucket": "istory-deploy-bucket-761018884888",
            "bucket_domain_name": "istory-deploy-bucket-761018884888.s3.amazonaws.com",
            "bucket_prefix": "",
            "bucket_regional_domain_name": "istory-deploy-bucket-761018884888.s3.ap-northeast-2.amazonaws.com",
            "cors_rule": [],
            "force_destroy": false,
            "grant": [
              {
                "id": "0ca3540173b9fa8ab90eb2da8e6052245037c6b818efebfe71313e23eb80c190",
                "permissions": [
                  "FULL_CONTROL"
                ],
                "type": "CanonicalUser",
                "uri": ""
              }
            ],
            "hosted_zone_id": "Z3W03O7B5YMIYP",
            "id": "istory-deploy-bucket-761018884888",
            "lifecycle_rule": [],
            "logging": [],
            "object_lock_configuration": [],
            "object_lock_enabled": false,
            "policy": "",
            "region": "ap-northeast-2",
            "replication_configuration": [],
            "request_payer": "BucketOwner",
            "server_side_encryption_configuration": [
              {
                "rule": [
                  {
                    "apply_server_side_encryption_by_default": [
                      {
                        "kms_master_key_id": "",
                        "sse_algorithm": "AES256"
                      }
                    ],
                    "bucket_key_enabled": false
                  }
                ]
              }
            ],
            "tags": null,
            "tags_all": {},
            "timeouts": null,
            "versioning": [
              {
                "enabled": false,
                "mfa_delete": false
              }
            ],
            "website": [],
            "website_domain": null,
            "website_endpoint": null
          },
          "sensitive_attributes": [],
          "private": "eyJlMmJmYjczMC1lY2FhLTExZTYtOGY4OC0zNDM2M2JjN2M0YzAiOnsiY3JlYXRlIjoxMjAwMDAwMDAwMDAwLCJkZWxldGUiOjM2MDAwMDAwMDAwMDAsInJlYWQiOjEyMDAwMDAwMDAwMDAsInVwZGF0ZSI6MTIwMDAwMDAwMDAwMH19",
          "dependencies": [
            "data.aws_caller_identity.current"
          ]
        }
      ]
    },
    {
      "mode": "managed",
      "type": "aws_s3_bucket_versioning",
      "name": "deploy_bucket_versioning",
      "provider": "provider[\"registry.terraform.io/hashicorp/aws\"]",
      "instances": [
        {
          "schema_version": 0,
          "attributes": {
            "bucket": "istory-deploy-bucket-761018884888",
            "expected_bucket_owner": "",
            "id": "istory-deploy-bucket-761018884888",
            "mfa": null,
            "versioning_configuration": [
              {
                "mfa_delete": "",
                "status": "Enabled"
              }
            ]
          },
          "sensitive_attributes": [],
          "private": "bnVsbA==",
          "dependencies": [
            "aws_s3_bucket.istory-deploy-bucket",
            "data.aws_caller_identity.current"
          ]
        }
      ]
    },
    {
      "mode": "managed",
      "type": "aws_security_group",
      "name": "istory_nginx_sg",
      "provider": "provider[\"registry.terraform.io/hashicorp/aws\"]",
      "instances": [
        {
          "schema_version": 1,
          "attributes": {
            "arn": "arn:aws:ec2:ap-northeast-2:761018884888:security-group/sg-098137952c9e1dc72",
            "description": "Managed by Terraform",
            "egress": [
              {
                "cidr_blocks": [
                  "0.0.0.0/0"
                ],
                "description": "",
                "from_port": 0,
                "ipv6_cidr_blocks": [],
                "prefix_list_ids": [],
                "protocol": "-1",
                "security_groups": [],
                "self": false,
                "to_port": 0
              }
            ],
            "id": "sg-098137952c9e1dc72",
            "ingress": [
              {
                "cidr_blocks": [
                  "0.0.0.0/0"
                ],
                "description": "Allow HTTP",
                "from_port": 8080,
                "ipv6_cidr_blocks": [],
                "prefix_list_ids": [],
                "protocol": "tcp",
                "security_groups": [],
                "self": false,
                "to_port": 8080
              },
              {
                "cidr_blocks": [
                  "0.0.0.0/0"
                ],
                "description": "Allow SSH",
                "from_port": 22,
                "ipv6_cidr_blocks": [],
                "prefix_list_ids": [],
                "protocol": "tcp",
                "security_groups": [],
                "self": false,
                "to_port": 22
              }
            ],
            "name": "istory nginx sg20250322054519553300000004",
            "name_prefix": "istory nginx sg",
            "owner_id": "761018884888",
            "revoke_rules_on_delete": false,
            "tags": null,
            "tags_all": {},
            "timeouts": null,
            "vpc_id": "vpc-0503f82480e07f230"
          },
          "sensitive_attributes": [],
          "private": "eyJlMmJmYjczMC1lY2FhLTExZTYtOGY4OC0zNDM2M2JjN2M0YzAiOnsiY3JlYXRlIjo2MDAwMDAwMDAwMDAsImRlbGV0ZSI6OTAwMDAwMDAwMDAwfSwic2NoZW1hX3ZlcnNpb24iOiIxIn0=",
          "dependencies": [
            "aws_vpc.dangtong-vpc"
          ]
        }
      ]
    },
    {
      "mode": "managed",
      "type": "aws_security_group",
      "name": "istory_rds_sg",
      "provider": "provider[\"registry.terraform.io/hashicorp/aws\"]",
      "instances": [
        {
          "schema_version": 1,
          "attributes": {
            "arn": "arn:aws:ec2:ap-northeast-2:761018884888:security-group/sg-0795eb5afacb78944",
            "description": "Managed by Terraform",
            "egress": [
              {
                "cidr_blocks": [
                  "0.0.0.0/0"
                ],
                "description": "",
                "from_port": 0,
                "ipv6_cidr_blocks": [],
                "prefix_list_ids": [],
                "protocol": "-1",
                "security_groups": [],
                "self": false,
                "to_port": 0
              }
            ],
            "id": "sg-0795eb5afacb78944",
            "ingress": [
              {
                "cidr_blocks": [],
                "description": "Allow MySQL from EC2",
                "from_port": 3306,
                "ipv6_cidr_blocks": [],
                "prefix_list_ids": [],
                "protocol": "tcp",
                "security_groups": [
                  "sg-098137952c9e1dc72"
                ],
                "self": false,
                "to_port": 3306
              }
            ],
            "name": "istory rds sg20250322054522046800000006",
            "name_prefix": "istory rds sg",
            "owner_id": "761018884888",
            "revoke_rules_on_delete": false,
            "tags": {
              "Name": "istory-rds-sg"
            },
            "tags_all": {
              "Name": "istory-rds-sg"
            },
            "timeouts": null,
            "vpc_id": "vpc-0503f82480e07f230"
          },
          "sensitive_attributes": [],
          "private": "eyJlMmJmYjczMC1lY2FhLTExZTYtOGY4OC0zNDM2M2JjN2M0YzAiOnsiY3JlYXRlIjo2MDAwMDAwMDAwMDAsImRlbGV0ZSI6OTAwMDAwMDAwMDAwfSwic2NoZW1hX3ZlcnNpb24iOiIxIn0=",
          "dependencies": [
            "aws_security_group.istory_nginx_sg",
            "aws_vpc.dangtong-vpc"
          ]
        }
      ]
    },
    {
      "mode": "managed",
      "type": "aws_subnet",
      "name": "dangtong-vpc-public-subnet",
      "provider": "provider[\"registry.terraform.io/hashicorp/aws\"]",
      "instances": [
        {
          "index_key": "a",
          "schema_version": 1,
          "attributes": {
            "arn": "arn:aws:ec2:ap-northeast-2:761018884888:subnet/subnet-09d492092186055fb",
            "assign_ipv6_address_on_creation": false,
            "availability_zone": "ap-northeast-2a",
            "availability_zone_id": "apne2-az1",
            "cidr_block": "10.0.1.0/24",
            "customer_owned_ipv4_pool": "",
            "enable_dns64": false,
            "enable_lni_at_device_index": 0,
            "enable_resource_name_dns_a_record_on_launch": false,
            "enable_resource_name_dns_aaaa_record_on_launch": false,
            "id": "subnet-09d492092186055fb",
            "ipv6_cidr_block": "",
            "ipv6_cidr_block_association_id": "",
            "ipv6_native": false,
            "map_customer_owned_ip_on_launch": false,
            "map_public_ip_on_launch": true,
            "outpost_arn": "",
            "owner_id": "761018884888",
            "private_dns_hostname_type_on_launch": "ip-name",
            "tags": {
              "Name": "dangtong-vpc-public-subnet-a"
            },
            "tags_all": {
              "Name": "dangtong-vpc-public-subnet-a"
            },
            "timeouts": null,
            "vpc_id": "vpc-0503f82480e07f230"
          },
          "sensitive_attributes": [],
          "private": "eyJlMmJmYjczMC1lY2FhLTExZTYtOGY4OC0zNDM2M2JjN2M0YzAiOnsiY3JlYXRlIjo2MDAwMDAwMDAwMDAsImRlbGV0ZSI6MTIwMDAwMDAwMDAwMH0sInNjaGVtYV92ZXJzaW9uIjoiMSJ9",
          "dependencies": [
            "aws_vpc.dangtong-vpc"
          ]
        },
        {
          "index_key": "b",
          "schema_version": 1,
          "attributes": {
            "arn": "arn:aws:ec2:ap-northeast-2:761018884888:subnet/subnet-087fc01e66915acc5",
            "assign_ipv6_address_on_creation": false,
            "availability_zone": "ap-northeast-2b",
            "availability_zone_id": "apne2-az2",
            "cidr_block": "10.0.2.0/24",
            "customer_owned_ipv4_pool": "",
            "enable_dns64": false,
            "enable_lni_at_device_index": 0,
            "enable_resource_name_dns_a_record_on_launch": false,
            "enable_resource_name_dns_aaaa_record_on_launch": false,
            "id": "subnet-087fc01e66915acc5",
            "ipv6_cidr_block": "",
            "ipv6_cidr_block_association_id": "",
            "ipv6_native": false,
            "map_customer_owned_ip_on_launch": false,
            "map_public_ip_on_launch": true,
            "outpost_arn": "",
            "owner_id": "761018884888",
            "private_dns_hostname_type_on_launch": "ip-name",
            "tags": {
              "Name": "dangtong-vpc-public-subnet-b"
            },
            "tags_all": {
              "Name": "dangtong-vpc-public-subnet-b"
            },
            "timeouts": null,
            "vpc_id": "vpc-0503f82480e07f230"
          },
          "sensitive_attributes": [],
          "private": "eyJlMmJmYjczMC1lY2FhLTExZTYtOGY4OC0zNDM2M2JjN2M0YzAiOnsiY3JlYXRlIjo2MDAwMDAwMDAwMDAsImRlbGV0ZSI6MTIwMDAwMDAwMDAwMH0sInNjaGVtYV92ZXJzaW9uIjoiMSJ9",
          "dependencies": [
            "aws_vpc.dangtong-vpc"
          ]
        },
        {
          "index_key": "c",
          "schema_version": 1,
          "attributes": {
            "arn": "arn:aws:ec2:ap-northeast-2:761018884888:subnet/subnet-0487a0a294ad081a9",
            "assign_ipv6_address_on_creation": false,
            "availability_zone": "ap-northeast-2c",
            "availability_zone_id": "apne2-az3",
            "cidr_block": "10.0.3.0/24",
            "customer_owned_ipv4_pool": "",
            "enable_dns64": false,
            "enable_lni_at_device_index": 0,
            "enable_resource_name_dns_a_record_on_launch": false,
            "enable_resource_name_dns_aaaa_record_on_launch": false,
            "id": "subnet-0487a0a294ad081a9",
            "ipv6_cidr_block": "",
            "ipv6_cidr_block_association_id": "",
            "ipv6_native": false,
            "map_customer_owned_ip_on_launch": false,
            "map_public_ip_on_launch": true,
            "outpost_arn": "",
            "owner_id": "761018884888",
            "private_dns_hostname_type_on_launch": "ip-name",
            "tags": {
              "Name": "dangtong-vpc-public-subnet-c"
            },
            "tags_all": {
              "Name": "dangtong-vpc-public-subnet-c"
            },
            "timeouts": null,
            "vpc_id": "vpc-0503f82480e07f230"
          },
          "sensitive_attributes": [],
          "private": "eyJlMmJmYjczMC1lY2FhLTExZTYtOGY4OC0zNDM2M2JjN2M0YzAiOnsiY3JlYXRlIjo2MDAwMDAwMDAwMDAsImRlbGV0ZSI6MTIwMDAwMDAwMDAwMH0sInNjaGVtYV92ZXJzaW9uIjoiMSJ9",
          "dependencies": [
            "aws_vpc.dangtong-vpc"
          ]
        },
        {
          "index_key": "d",
          "schema_version": 1,
          "attributes": {
            "arn": "arn:aws:ec2:ap-northeast-2:761018884888:subnet/subnet-039ed1bb13f990909",
            "assign_ipv6_address_on_creation": false,
            "availability_zone": "ap-northeast-2d",
            "availability_zone_id": "apne2-az4",
            "cidr_block": "10.0.4.0/24",
            "customer_owned_ipv4_pool": "",
            "enable_dns64": false,
            "enable_lni_at_device_index": 0,
            "enable_resource_name_dns_a_record_on_launch": false,
            "enable_resource_name_dns_aaaa_record_on_launch": false,
            "id": "subnet-039ed1bb13f990909",
            "ipv6_cidr_block": "",
            "ipv6_cidr_block_association_id": "",
            "ipv6_native": false,
            "map_customer_owned_ip_on_launch": false,
            "map_public_ip_on_launch": true,
            "outpost_arn": "",
            "owner_id": "761018884888",
            "private_dns_hostname_type_on_launch": "ip-name",
            "tags": {
              "Name": "dangtong-vpc-public-subnet-d"
            },
            "tags_all": {
              "Name": "dangtong-vpc-public-subnet-d"
            },
            "timeouts": null,
            "vpc_id": "vpc-0503f82480e07f230"
          },
          "sensitive_attributes": [],
          "private": "eyJlMmJmYjczMC1lY2FhLTExZTYtOGY4OC0zNDM2M2JjN2M0YzAiOnsiY3JlYXRlIjo2MDAwMDAwMDAwMDAsImRlbGV0ZSI6MTIwMDAwMDAwMDAwMH0sInNjaGVtYV92ZXJzaW9uIjoiMSJ9",
          "dependencies": [
            "aws_vpc.dangtong-vpc"
          ]
        }
      ]
    },
    {
      "mode": "managed",
      "type": "aws_vpc",
      "name": "dangtong-vpc",
      "provider": "provider[\"registry.terraform.io/hashicorp/aws\"]",
      "instances": [
        {
          "schema_version": 1,
          "attributes": {
            "arn": "arn:aws:ec2:ap-northeast-2:761018884888:vpc/vpc-0503f82480e07f230",
            "assign_generated_ipv6_cidr_block": false,
            "cidr_block": "10.0.0.0/16",
            "default_network_acl_id": "acl-084fdd8f7999e7212",
            "default_route_table_id": "rtb-0de67b09a8caae713",
            "default_security_group_id": "sg-0a9ccb627642abbf0",
            "dhcp_options_id": "dopt-051c640a864cb49e7",
            "enable_dns_hostnames": true,
            "enable_dns_support": true,
            "enable_network_address_usage_metrics": false,
            "id": "vpc-0503f82480e07f230",
            "instance_tenancy": "default",
            "ipv4_ipam_pool_id": null,
            "ipv4_netmask_length": null,
            "ipv6_association_id": "",
            "ipv6_cidr_block": "",
            "ipv6_cidr_block_network_border_group": "",
            "ipv6_ipam_pool_id": "",
            "ipv6_netmask_length": 0,
            "main_route_table_id": "rtb-0de67b09a8caae713",
            "owner_id": "761018884888",
            "tags": {
              "Name": "dangtong-vpc"
            },
            "tags_all": {
              "Name": "dangtong-vpc"
            }
          },
          "sensitive_attributes": [],
          "private": "eyJzY2hlbWFfdmVyc2lvbiI6IjEifQ=="
        }
      ]
    },
    {
      "mode": "managed",
      "type": "tls_private_key",
      "name": "ec2_private_key",
      "provider": "provider[\"registry.terraform.io/hashicorp/tls\"]",
      "instances": [
        {
          "schema_version": 1,
          "attributes": {
            "algorithm": "RSA",
            "ecdsa_curve": "P224",
            "id": "6bafabfac625ed7a7a4e424137ac0ae0d39b82ee",
            "private_key_openssh": "-----BEGIN OPENSSH PRIVATE KEY-----\nb3BlbnNzaC1rZXktdjEAAAAABG5vbmUAAAAEbm9uZQAAAAAAAAABAAABFwAAAAdz\nc2gtcnNhAAAAAwEAAQAAAQEAtaqIFrSJBCSKzw8jpFv1icf/pLxY2IPBE4WM9zm5\nEjfFhhZy4tnsKFsIIpvvRkDqp8x3xkQp1GuWcYYbIG1rDLSGcrNhkrUQfrI5KvEa\ni4c7V0lkBPIZq1nAfWhPi0b+yoewulZmXrHMlbQ/490w5MldWYsZHy+mlwaz9qe5\nvl5d065BKW+Xe3O1G3VcHKHlr15zxL5q/WY8bvHpmWwLf7Xi1G99Zw9/7tsQ6Ik7\nqhR33rA7azrFfnvkvv+My4y/7Ecrv7W7E6Nah7Lh3+sEzZx/XXI5Pyj2q30wTBPr\nL3+kskeRwtAX+P7eVcWVAht8u8nH3f2ez2vgP7xQDICJHwAAA7hzPWYKcz1mCgAA\nAAdzc2gtcnNhAAABAQC1qogWtIkEJIrPDyOkW/WJx/+kvFjYg8EThYz3ObkSN8WG\nFnLi2ewoWwgim+9GQOqnzHfGRCnUa5ZxhhsgbWsMtIZys2GStRB+sjkq8RqLhztX\nSWQE8hmrWcB9aE+LRv7Kh7C6VmZescyVtD/j3TDkyV1ZixkfL6aXBrP2p7m+Xl3T\nrkEpb5d7c7UbdVwcoeWvXnPEvmr9Zjxu8emZbAt/teLUb31nD3/u2xDoiTuqFHfe\nsDtrOsV+e+S+/4zLjL/sRyu/tbsTo1qHsuHf6wTNnH9dcjk/KParfTBME+svf6Sy\nR5HC0Bf4/t5VxZUCG3y7ycfd/Z7Pa+A/vFAMgIkfAAAAAwEAAQAAAQEAhF3lGuYg\nj6wwl/5n8fIvTl0zoEy8T8ZwgFDnDZw5hVStz627uB8hO6ZYnx8PkRjr4afR/dzc\nvbJGxCD60v3m6jL/Y8PgbI0Rn78seGWE+fVm/4qyHghpO7kB0F6Y1tq7+8YytxMN\nNCJI9yuHAfjBD3LJWd1ISLjnoVN4/VfotxO/Dosp7B6C//kmOuE9Ucor67nJC6gy\nlCuO1thiqCbr2zgk9sJSqq6frSXP4CIGD14TakJLaXKkD/D5dQ3+cQcra0VAUXnP\n46v41ELytat0YrWOkocZKquyp1sv0/WrsWfcWIq65P8XvAxLMbTah3p8T7oauBH7\n2ZW55KSaXMY7AQAAAIBgKfIVZ5waQDE8sSgoRA1HWV64FGoIGXQLiKlrFZTZ6mzl\niAi9lGGiYkKUS883CTH4xp4M4FNwwNelJbeEz5hinPfhTdF+4FD4Rqw+q1LIc7gP\nQmNbqeIkuTOWbiH/WGG9qnipNNA9UfPxO4kIWvYIBxz/m8UqhK7R03yIh8X9mgAA\nAIEA8LlrzLOcr4dDaA/5ES/da2Jdbwl6IoDQhipNUv1ARUvEOytt/xx8mCaph7uG\n05+fjei0wx+Fn9OU/Y96kNxZBr3ccnraPvatFCDrcrUzRWTonTtDr4tcm4nYSu5c\ndCsn110BLsEdvzDvQmozd2WYPvHa9r1Xt4Z+d7qqmUi0iu8AAACBAMExtSK4FXku\nfpTna1nKdalRThsiBTQ4URMbu0+giYGn72x68pp8JVAx1zqoj27ET+3noIQy18V0\nlBQOq4WcZcsCfuejVCpAwMTrq2QONPhq1i/jtMIiQJj1vPXs7xfEYKYsiTsqNyV4\nZVjElcgGrVZaFruWAgyfFNjJ3rmhhqTRAAAAAAEC\n-----END OPENSSH PRIVATE KEY-----\n",
            "private_key_pem": "-----BEGIN RSA PRIVATE KEY-----\nMIIEpQIBAAKCAQEAtaqIFrSJBCSKzw8jpFv1icf/pLxY2IPBE4WM9zm5EjfFhhZy\n4tnsKFsIIpvvRkDqp8x3xkQp1GuWcYYbIG1rDLSGcrNhkrUQfrI5KvEai4c7V0lk\nBPIZq1nAfWhPi0b+yoewulZmXrHMlbQ/490w5MldWYsZHy+mlwaz9qe5vl5d065B\nKW+Xe3O1G3VcHKHlr15zxL5q/WY8bvHpmWwLf7Xi1G99Zw9/7tsQ6Ik7qhR33rA7\nazrFfnvkvv+My4y/7Ecrv7W7E6Nah7Lh3+sEzZx/XXI5Pyj2q30wTBPrL3+kskeR\nwtAX+P7eVcWVAht8u8nH3f2ez2vgP7xQDICJHwIDAQABAoIBAQCEXeUa5iCPrDCX\n/mfx8i9OXTOgTLxPxnCAUOcNnDmFVK3Prbu4HyE7plifHw+RGOvhp9H93Ny9skbE\nIPrS/ebqMv9jw+BsjRGfvyx4ZYT59Wb/irIeCGk7uQHQXpjW2rv7xjK3Ew00Ikj3\nK4cB+MEPcslZ3UhIuOehU3j9V+i3E78OiynsHoL/+SY64T1RyivruckLqDKUK47W\n2GKoJuvbOCT2wlKqrp+tJc/gIgYPXhNqQktpcqQP8Pl1Df5xBytrRUBRec/jq/jU\nQvK1q3RitY6Shxkqq7KnWy/T9auxZ9xYirrk/xe8DEsxtNqHenxPuhq4EfvZlbnk\npJpcxjsBAoGBAPC5a8yznK+HQ2gP+REv3WtiXW8JeiKA0IYqTVL9QEVLxDsrbf8c\nfJgmqYe7htOfn43otMMfhZ/TlP2PepDcWQa93HJ62j72rRQg63K1M0Vk6J07Q6+L\nXJuJ2EruXHQrJ9ddAS7BHb8w70JqM3dlmD7x2va9V7eGfne6qplItIrvAoGBAMEx\ntSK4FXkufpTna1nKdalRThsiBTQ4URMbu0+giYGn72x68pp8JVAx1zqoj27ET+3n\noIQy18V0lBQOq4WcZcsCfuejVCpAwMTrq2QONPhq1i/jtMIiQJj1vPXs7xfEYKYs\niTsqNyV4ZVjElcgGrVZaFruWAgyfFNjJ3rmhhqTRAoGBAKgcVbQ3Gw1aITDjNsVR\n8Ae2QhnxPGIsI3QOxsFWKzQ5nWjVA5RNiJWZKnun8piHuR2ZjeNWeDMNx9bsBGR1\n/ZY/sVwhf5jJHEYaV1NcR9oGhoyHftVxNdNJiMuLevWFzeURBmpoYyXKPsza7eZM\nBO6waII36LI6MsfajJlPtQXxAoGBAK+y1zs2E0FcSX5+YKEOgad07AW9EOKG/STV\nqaonJCcoZZRQ1GYu1Xhze3w7ZAamvtJsPw07eAR5m1oKZW9j5yeTo3pijd7HeQke\nE4cxbHcoIpb3DaMop3r0sd8uldsVm5hFFKEcKX8IWZM7ZcS+XdIUqGv9Zuu3mav3\nG3nTLrKhAoGAYCnyFWecGkAxPLEoKEQNR1leuBRqCBl0C4ipaxWU2eps5YgIvZRh\nomJClEvPNwkx+MaeDOBTcMDXpSW3hM+YYpz34U3RfuBQ+EasPqtSyHO4D0JjW6ni\nJLkzlm4h/1hhvap4qTTQPVHz8TuJCFr2CAcc/5vFKoSu0dN8iIfF/Zo=\n-----END RSA PRIVATE KEY-----\n",
            "private_key_pem_pkcs8": "-----BEGIN PRIVATE KEY-----\nMIIEvwIBADANBgkqhkiG9w0BAQEFAASCBKkwggSlAgEAAoIBAQC1qogWtIkEJIrP\nDyOkW/WJx/+kvFjYg8EThYz3ObkSN8WGFnLi2ewoWwgim+9GQOqnzHfGRCnUa5Zx\nhhsgbWsMtIZys2GStRB+sjkq8RqLhztXSWQE8hmrWcB9aE+LRv7Kh7C6VmZescyV\ntD/j3TDkyV1ZixkfL6aXBrP2p7m+Xl3TrkEpb5d7c7UbdVwcoeWvXnPEvmr9Zjxu\n8emZbAt/teLUb31nD3/u2xDoiTuqFHfesDtrOsV+e+S+/4zLjL/sRyu/tbsTo1qH\nsuHf6wTNnH9dcjk/KParfTBME+svf6SyR5HC0Bf4/t5VxZUCG3y7ycfd/Z7Pa+A/\nvFAMgIkfAgMBAAECggEBAIRd5RrmII+sMJf+Z/HyL05dM6BMvE/GcIBQ5w2cOYVU\nrc+tu7gfITumWJ8fD5EY6+Gn0f3c3L2yRsQg+tL95uoy/2PD4GyNEZ+/LHhlhPn1\nZv+Ksh4IaTu5AdBemNbau/vGMrcTDTQiSPcrhwH4wQ9yyVndSEi456FTeP1X6LcT\nvw6LKewegv/5JjrhPVHKK+u5yQuoMpQrjtbYYqgm69s4JPbCUqqun60lz+AiBg9e\nE2pCS2lypA/w+XUN/nEHK2tFQFF5z+Or+NRC8rWrdGK1jpKHGSqrsqdbL9P1q7Fn\n3FiKuuT/F7wMSzG02od6fE+6GrgR+9mVueSkmlzGOwECgYEA8LlrzLOcr4dDaA/5\nES/da2Jdbwl6IoDQhipNUv1ARUvEOytt/xx8mCaph7uG05+fjei0wx+Fn9OU/Y96\nkNxZBr3ccnraPvatFCDrcrUzRWTonTtDr4tcm4nYSu5cdCsn110BLsEdvzDvQmoz\nd2WYPvHa9r1Xt4Z+d7qqmUi0iu8CgYEAwTG1IrgVeS5+lOdrWcp1qVFOGyIFNDhR\nExu7T6CJgafvbHrymnwlUDHXOqiPbsRP7eeghDLXxXSUFA6rhZxlywJ+56NUKkDA\nxOurZA40+GrWL+O0wiJAmPW89ezvF8RgpiyJOyo3JXhlWMSVyAatVloWu5YCDJ8U\n2MneuaGGpNECgYEAqBxVtDcbDVohMOM2xVHwB7ZCGfE8YiwjdA7GwVYrNDmdaNUD\nlE2IlZkqe6fymIe5HZmN41Z4Mw3H1uwEZHX9lj+xXCF/mMkcRhpXU1xH2gaGjId+\n1XE100mIy4t69YXN5REGamhjJco+zNrt5kwE7rBogjfosjoyx9qMmU+1BfECgYEA\nr7LXOzYTQVxJfn5goQ6Bp3TsBb0Q4ob9JNWpqickJyhllFDUZi7VeHN7fDtkBqa+\n0mw/DTt4BHmbWgplb2PnJ5OjemKN3sd5CR4ThzFsdygilvcNoyinevSx3y6V2xWb\nmEUUoRwpfwhZkztlxL5d0hSoa/1m67eZq/cbedMusqECgYBgKfIVZ5waQDE8sSgo\nRA1HWV64FGoIGXQLiKlrFZTZ6mzliAi9lGGiYkKUS883CTH4xp4M4FNwwNelJbeE\nz5hinPfhTdF+4FD4Rqw+q1LIc7gPQmNbqeIkuTOWbiH/WGG9qnipNNA9UfPxO4kI\nWvYIBxz/m8UqhK7R03yIh8X9mg==\n-----END PRIVATE KEY-----\n",
            "public_key_fingerprint_md5": "bc:ae:31:17:9f:da:82:9d:19:0f:30:3a:1a:88:22:df",
            "public_key_fingerprint_sha256": "SHA256:oFYvwzxNYuPpUfCTWiI50Gv5gZ+QE3GaqeNN7u0Z/i4",
            "public_key_openssh": "ssh-rsa AAAAB3NzaC1yc2EAAAADAQABAAABAQC1qogWtIkEJIrPDyOkW/WJx/+kvFjYg8EThYz3ObkSN8WGFnLi2ewoWwgim+9GQOqnzHfGRCnUa5ZxhhsgbWsMtIZys2GStRB+sjkq8RqLhztXSWQE8hmrWcB9aE+LRv7Kh7C6VmZescyVtD/j3TDkyV1ZixkfL6aXBrP2p7m+Xl3TrkEpb5d7c7UbdVwcoeWvXnPEvmr9Zjxu8emZbAt/teLUb31nD3/u2xDoiTuqFHfesDtrOsV+e+S+/4zLjL/sRyu/tbsTo1qHsuHf6wTNnH9dcjk/KParfTBME+svf6SyR5HC0Bf4/t5VxZUCG3y7ycfd/Z7Pa+A/vFAMgIkf\n",
            "public_key_pem": "-----BEGIN PUBLIC KEY-----\nMIIBIjANBgkqhkiG9w0BAQEFAAOCAQ8AMIIBCgKCAQEAtaqIFrSJBCSKzw8jpFv1\nicf/pLxY2IPBE4WM9zm5EjfFhhZy4tnsKFsIIpvvRkDqp8x3xkQp1GuWcYYbIG1r\nDLSGcrNhkrUQfrI5KvEai4c7V0lkBPIZq1nAfWhPi0b+yoewulZmXrHMlbQ/490w\n5MldWYsZHy+mlwaz9qe5vl5d065BKW+Xe3O1G3VcHKHlr15zxL5q/WY8bvHpmWwL\nf7Xi1G99Zw9/7tsQ6Ik7qhR33rA7azrFfnvkvv+My4y/7Ecrv7W7E6Nah7Lh3+sE\nzZx/XXI5Pyj2q30wTBPrL3+kskeRwtAX+P7eVcWVAht8u8nH3f2ez2vgP7xQDICJ\nHwIDAQAB\n-----END PUBLIC KEY-----\n",
            "rsa_bits": 2048
          },
          "sensitive_attributes": [
            [
              {
                "type": "get_attr",
                "value": "private_key_pem_pkcs8"
              }
            ],
            [
              {
                "type": "get_attr",
                "value": "private_key_openssh"
              }
            ],
            [
              {
                "type": "get_attr",
                "value": "private_key_pem"
              }
            ]
          ]
        }
      ]
    }
  ],
  "check_results": null
}
